
Microsoft Visual Studio Solution File, Format Version 12.00
# Visual Studio Version 17
VisualStudioVersion = 17.6.33723.286
MinimumVisualStudioVersion = 10.0.40219.1
Project("{FAE04EC0-301F-11D3-BF4B-00C04F79EFBC}") = "WcfLibrary", "WcfLibrary\WcfLibrary.csproj", "{F04ED1B8-27E4-4382-825E-D563AB86FC26}"
EndProject
Project("{FAE04EC0-301F-11D3-BF4B-00C04F79EFBC}") = "Host", "Host\Host.csproj", "{3D1E861E-9B2D-409D-8C5D-B93505B46F03}"
EndProject
Project("{FAE04EC0-301F-11D3-BF4B-00C04F79EFBC}") = "Client", "Client\Client.csproj", "{66C89C3A-7C3E-4964-99C4-08C962B9A951}"
EndProject
Global
	GlobalSection(SolutionConfigurationPlatforms) = preSolution
		Debug|Any CPU = Debug|Any CPU
		Release|Any CPU = Release|Any CPU
	EndGlobalSection
	GlobalSection(ProjectConfigurationPlatforms) = postSolution
		{F04ED1B8-27E4-4382-825E-D563AB86FC26}.Debug|Any CPU.ActiveCfg = Debug|Any CPU
		{F04ED1B8-27E4-4382-825E-D563AB86FC26}.Debug|Any CPU.Build.0 = Debug|Any CPU
		{F04ED1B8-27E4-4382-825E-D563AB86FC26}.Release|Any CPU.ActiveCfg = Release|Any CPU
		{F04ED1B8-27E4-4382-825E-D563AB86FC26}.Release|Any CPU.Build.0 = Release|Any CPU
		{3D1E861E-9B2D-409D-8C5D-B93505B46F03}.Debug|Any CPU.ActiveCfg = Debug|Any CPU
		{3D1E861E-9B2D-409D-8C5D-B93505B46F03}.Debug|Any CPU.Build.0 = Debug|Any CPU
		{3D1E861E-9B2D-409D-8C5D-B93505B46F03}.Release|Any CPU.ActiveCfg = Release|Any CPU
		{3D1E861E-9B2D-409D-8C5D-B93505B46F03}.Release|Any CPU.Build.0 = Release|Any CPU
		{66C89C3A-7C3E-4964-99C4-08C962B9A951}.Debug|Any CPU.ActiveCfg = Debug|Any CPU
		{66C89C3A-7C3E-4964-99C4-08C962B9A951}.Debug|Any CPU.Build.0 = Debug|Any CPU
		{66C89C3A-7C3E-4964-99C4-08C962B9A951}.Release|Any CPU.ActiveCfg = Release|Any CPU
		{66C89C3A-7C3E-4964-99C4-08C962B9A951}.Release|Any CPU.Build.0 = Release|Any CPU
	EndGlobalSection
	GlobalSection(SolutionProperties) = preSolution
		HideSolutionNode = FALSE
	EndGlobalSection
	GlobalSection(ExtensibilityGlobals) = postSolution
		SolutionGuid = {8A9B93D6-652B-4C91-8E98-85AABCB08EF8}
	EndGlobalSection
EndGlobal
