
Microsoft Visual Studio Solution File, Format Version 12.00
# Visual Studio Version 17
VisualStudioVersion = 17.5.33516.290
MinimumVisualStudioVersion = 10.0.40219.1
Project("{9A19103F-16F7-4668-BE54-9A1E7A4F7556}") = "View", "View\View.csproj", "{856FFA0B-EB20-4887-A35D-A08EFB5B39EB}"
EndProject
Global
	GlobalSection(SolutionConfigurationPlatforms) = preSolution
		Debug|Any CPU = Debug|Any CPU
		Release|Any CPU = Release|Any CPU
	EndGlobalSection
	GlobalSection(ProjectConfigurationPlatforms) = postSolution
		{856FFA0B-EB20-4887-A35D-A08EFB5B39EB}.Debug|Any CPU.ActiveCfg = Debug|Any CPU
		{856FFA0B-EB20-4887-A35D-A08EFB5B39EB}.Debug|Any CPU.Build.0 = Debug|Any CPU
		{856FFA0B-EB20-4887-A35D-A08EFB5B39EB}.Release|Any CPU.ActiveCfg = Release|Any CPU
		{856FFA0B-EB20-4887-A35D-A08EFB5B39EB}.Release|Any CPU.Build.0 = Release|Any CPU
	EndGlobalSection
	GlobalSection(SolutionProperties) = preSolution
		HideSolutionNode = FALSE
	EndGlobalSection
	GlobalSection(ExtensibilityGlobals) = postSolution
		SolutionGuid = {AE41E23D-B9DF-4BB1-AC78-D1FDADC865AA}
	EndGlobalSection
EndGlobal
